
Microsoft Visual Studio Solution File, Format Version 12.00
# Visual Studio Version 17
VisualStudioVersion = 17.0.32014.148
MinimumVisualStudioVersion = 10.0.40219.1
Project("{FAE04EC0-301F-11D3-BF4B-00C04F79EFBC}") = "WebApi", "WebApi\WebApi.csproj", "{6301E006-BFAA-4FEE-8151-D3F0B71E7192}"
EndProject
Project("{FAE04EC0-301F-11D3-BF4B-00C04F79EFBC}") = "PhotoProcessor", "PhotoProcessor\PhotoProcessor.csproj", "{0ED2A41D-6AA0-4430-AAC3-9BA0E50E8203}"
EndProject
Project("{E53339B2-1760-4266-BCC7-CA923CBCF16C}") = "docker-compose", "docker-compose.dcproj", "{6ACF382F-AE13-438B-8886-0AC58429B1AB}"
EndProject
Global
	GlobalSection(SolutionConfigurationPlatforms) = preSolution
		Debug|Any CPU = Debug|Any CPU
		Release|Any CPU = Release|Any CPU
	EndGlobalSection
	GlobalSection(ProjectConfigurationPlatforms) = postSolution
		{6301E006-BFAA-4FEE-8151-D3F0B71E7192}.Debug|Any CPU.ActiveCfg = Debug|Any CPU
		{6301E006-BFAA-4FEE-8151-D3F0B71E7192}.Debug|Any CPU.Build.0 = Debug|Any CPU
		{6301E006-BFAA-4FEE-8151-D3F0B71E7192}.Release|Any CPU.ActiveCfg = Release|Any CPU
		{6301E006-BFAA-4FEE-8151-D3F0B71E7192}.Release|Any CPU.Build.0 = Release|Any CPU
		{0ED2A41D-6AA0-4430-AAC3-9BA0E50E8203}.Debug|Any CPU.ActiveCfg = Debug|Any CPU
		{0ED2A41D-6AA0-4430-AAC3-9BA0E50E8203}.Debug|Any CPU.Build.0 = Debug|Any CPU
		{0ED2A41D-6AA0-4430-AAC3-9BA0E50E8203}.Release|Any CPU.ActiveCfg = Release|Any CPU
		{0ED2A41D-6AA0-4430-AAC3-9BA0E50E8203}.Release|Any CPU.Build.0 = Release|Any CPU
		{6ACF382F-AE13-438B-8886-0AC58429B1AB}.Debug|Any CPU.ActiveCfg = Debug|Any CPU
		{6ACF382F-AE13-438B-8886-0AC58429B1AB}.Debug|Any CPU.Build.0 = Debug|Any CPU
		{6ACF382F-AE13-438B-8886-0AC58429B1AB}.Release|Any CPU.ActiveCfg = Release|Any CPU
		{6ACF382F-AE13-438B-8886-0AC58429B1AB}.Release|Any CPU.Build.0 = Release|Any CPU
	EndGlobalSection
	GlobalSection(SolutionProperties) = preSolution
		HideSolutionNode = FALSE
	EndGlobalSection
	GlobalSection(ExtensibilityGlobals) = postSolution
		SolutionGuid = {DE05EDF4-FB63-4449-8D32-EBBC796265D0}
	EndGlobalSection
EndGlobal
